
Microsoft Visual Studio Solution File, Format Version 12.00
# Visual Studio Version 17
VisualStudioVersion = 17.5.33530.505
MinimumVisualStudioVersion = 10.0.40219.1
Project("{8BC9CEB8-8B4A-11D0-8D11-00A0C91BC942}") = "21.06.23 Homework", "21.06.23 Homework\21.06.23 Homework.vcxproj", "{AAAB50E6-B1D2-49E5-AD13-3DF5E441BA13}"
EndProject
Global
	GlobalSection(SolutionConfigurationPlatforms) = preSolution
		Debug|x64 = Debug|x64
		Debug|x86 = Debug|x86
		Release|x64 = Release|x64
		Release|x86 = Release|x86
	EndGlobalSection
	GlobalSection(ProjectConfigurationPlatforms) = postSolution
		{AAAB50E6-B1D2-49E5-AD13-3DF5E441BA13}.Debug|x64.ActiveCfg = Debug|x64
		{AAAB50E6-B1D2-49E5-AD13-3DF5E441BA13}.Debug|x64.Build.0 = Debug|x64
		{AAAB50E6-B1D2-49E5-AD13-3DF5E441BA13}.Debug|x86.ActiveCfg = Debug|Win32
		{AAAB50E6-B1D2-49E5-AD13-3DF5E441BA13}.Debug|x86.Build.0 = Debug|Win32
		{AAAB50E6-B1D2-49E5-AD13-3DF5E441BA13}.Release|x64.ActiveCfg = Release|x64
		{AAAB50E6-B1D2-49E5-AD13-3DF5E441BA13}.Release|x64.Build.0 = Release|x64
		{AAAB50E6-B1D2-49E5-AD13-3DF5E441BA13}.Release|x86.ActiveCfg = Release|Win32
		{AAAB50E6-B1D2-49E5-AD13-3DF5E441BA13}.Release|x86.Build.0 = Release|Win32
	EndGlobalSection
	GlobalSection(SolutionProperties) = preSolution
		HideSolutionNode = FALSE
	EndGlobalSection
	GlobalSection(ExtensibilityGlobals) = postSolution
		SolutionGuid = {840CFC03-50B8-4549-AE90-BE2BC8B40C01}
	EndGlobalSection
EndGlobal
